
Microsoft Visual Studio Solution File, Format Version 12.00
# Visual Studio 15
VisualStudioVersion = 15.0.28010.2050
MinimumVisualStudioVersion = 10.0.40219.1
Project("{8BC9CEB8-8B4A-11D0-8D11-00A0C91BC942}") = "Project1", "Project1\Project1.vcxproj", "{A9203B4A-0552-4032-98CB-AEC8095AB8C6}"
EndProject
Global
	GlobalSection(SolutionConfigurationPlatforms) = preSolution
		Debug|x64 = Debug|x64
		Debug|x86 = Debug|x86
		Release|x64 = Release|x64
		Release|x86 = Release|x86
	EndGlobalSection
	GlobalSection(ProjectConfigurationPlatforms) = postSolution
		{A9203B4A-0552-4032-98CB-AEC8095AB8C6}.Debug|x64.ActiveCfg = Debug|x64
		{A9203B4A-0552-4032-98CB-AEC8095AB8C6}.Debug|x64.Build.0 = Debug|x64
		{A9203B4A-0552-4032-98CB-AEC8095AB8C6}.Debug|x86.ActiveCfg = Debug|Win32
		{A9203B4A-0552-4032-98CB-AEC8095AB8C6}.Debug|x86.Build.0 = Debug|Win32
		{A9203B4A-0552-4032-98CB-AEC8095AB8C6}.Release|x64.ActiveCfg = Release|x64
		{A9203B4A-0552-4032-98CB-AEC8095AB8C6}.Release|x64.Build.0 = Release|x64
		{A9203B4A-0552-4032-98CB-AEC8095AB8C6}.Release|x86.ActiveCfg = Release|Win32
		{A9203B4A-0552-4032-98CB-AEC8095AB8C6}.Release|x86.Build.0 = Release|Win32
	EndGlobalSection
	GlobalSection(SolutionProperties) = preSolution
		HideSolutionNode = FALSE
	EndGlobalSection
	GlobalSection(ExtensibilityGlobals) = postSolution
		SolutionGuid = {4CD14CDE-454D-477D-B726-E9F7D3869304}
	EndGlobalSection
EndGlobal
